// !$*UTF8*$!
{
	archiveVersion = 1;
	classes = {
	};
	objectVersion = 46;
	objects = {

/* Begin PBXBuildFile section */
		4C6F979214AF734900F8389A /* UIKit.framework in Frameworks */ = {isa = PBXBuildFile; fileRef = 4C6F979114AF734900F8389A /* UIKit.framework */; };
		4C6F979414AF734900F8389A /* Foundation.framework in Frameworks */ = {isa = PBXBuildFile; fileRef = 4C6F979314AF734900F8389A /* Foundation.framework */; };
		4C6F979614AF734900F8389A /* CoreGraphics.framework in Frameworks */ = {isa = PBXBuildFile; fileRef = 4C6F979514AF734900F8389A /* CoreGraphics.framework */; };
		4C6F979E14AF734900F8389A /* main.m in Sources */ = {isa = PBXBuildFile; fileRef = 4C6F979D14AF734900F8389A /* main.m */; };
		4C6F97A214AF734900F8389A /* AppDelegate.m in Sources */ = {isa = PBXBuildFile; fileRef = 4C6F97A114AF734900F8389A /* AppDelegate.m */; };
		4C6F97B314AF737E00F8389A /* Menu.m in Sources */ = {isa = PBXBuildFile; fileRef = 4C6F97B214AF737E00F8389A /* Menu.m */; };
		4C6F97C914AF750400F8389A /* MessageUI.framework in Frameworks */ = {isa = PBXBuildFile; fileRef = 4C6F97C814AF750400F8389A /* MessageUI.framework */; };
		4C6F97D314AF760500F8389A /* photo1l.jpg in Resources */ = {isa = PBXBuildFile; fileRef = 4C6F97CB14AF760500F8389A /* photo1l.jpg */; };
		4C6F97D414AF760500F8389A /* photo1m.jpg in Resources */ = {isa = PBXBuildFile; fileRef = 4C6F97CC14AF760500F8389A /* photo1m.jpg */; };
		4C6F97D514AF760500F8389A /* photo2l.jpg in Resources */ = {isa = PBXBuildFile; fileRef = 4C6F97CD14AF760500F8389A /* photo2l.jpg */; };
		4C6F97D614AF760500F8389A /* photo2m.jpg in Resources */ = {isa = PBXBuildFile; fileRef = 4C6F97CE14AF760500F8389A /* photo2m.jpg */; };
		4C6F97D714AF760500F8389A /* photo3l.jpg in Resources */ = {isa = PBXBuildFile; fileRef = 4C6F97CF14AF760500F8389A /* photo3l.jpg */; };
		4C6F97D814AF760500F8389A /* photo3m.jpg in Resources */ = {isa = PBXBuildFile; fileRef = 4C6F97D014AF760500F8389A /* photo3m.jpg */; };
		4C6F97D914AF760500F8389A /* photo4l.jpg in Resources */ = {isa = PBXBuildFile; fileRef = 4C6F97D114AF760500F8389A /* photo4l.jpg */; };
		4C6F97DA14AF760500F8389A /* photo4m.jpg in Resources */ = {isa = PBXBuildFile; fileRef = 4C6F97D214AF760500F8389A /* photo4m.jpg */; };
		D11CD1A5180C353F009320DD /* AFHTTPRequestOperation.m in Sources */ = {isa = PBXBuildFile; fileRef = D11CD122180C353E009320DD /* AFHTTPRequestOperation.m */; };
		D11CD1A6180C353F009320DD /* AFHTTPRequestOperationManager.m in Sources */ = {isa = PBXBuildFile; fileRef = D11CD124180C353E009320DD /* AFHTTPRequestOperationManager.m */; };
		D11CD1A7180C353F009320DD /* AFHTTPSessionManager.m in Sources */ = {isa = PBXBuildFile; fileRef = D11CD126180C353E009320DD /* AFHTTPSessionManager.m */; };
		D11CD1A8180C353F009320DD /* AFNetworkReachabilityManager.m in Sources */ = {isa = PBXBuildFile; fileRef = D11CD129180C353E009320DD /* AFNetworkReachabilityManager.m */; };
		D11CD1A9180C353F009320DD /* AFSecurityPolicy.m in Sources */ = {isa = PBXBuildFile; fileRef = D11CD12B180C353E009320DD /* AFSecurityPolicy.m */; };
		D11CD1AA180C353F009320DD /* AFURLConnectionOperation.m in Sources */ = {isa = PBXBuildFile; fileRef = D11CD12D180C353E009320DD /* AFURLConnectionOperation.m */; };
		D11CD1AB180C353F009320DD /* AFURLRequestSerialization.m in Sources */ = {isa = PBXBuildFile; fileRef = D11CD12F180C353E009320DD /* AFURLRequestSerialization.m */; };
		D11CD1AC180C353F009320DD /* AFURLResponseSerialization.m in Sources */ = {isa = PBXBuildFile; fileRef = D11CD131180C353E009320DD /* AFURLResponseSerialization.m */; };
		D11CD1AD180C353F009320DD /* AFURLSessionManager.m in Sources */ = {isa = PBXBuildFile; fileRef = D11CD133180C353E009320DD /* AFURLSessionManager.m */; };
		D11CD1E3180C353F009320DD /* AFNetworkActivityIndicatorManager.m in Sources */ = {isa = PBXBuildFile; fileRef = D11CD195180C353F009320DD /* AFNetworkActivityIndicatorManager.m */; };
		D11CD1E4180C353F009320DD /* UIActivityIndicatorView+AFNetworking.m in Sources */ = {isa = PBXBuildFile; fileRef = D11CD197180C353F009320DD /* UIActivityIndicatorView+AFNetworking.m */; };
		D11CD1E5180C353F009320DD /* UIAlertView+AFNetworking.m in Sources */ = {isa = PBXBuildFile; fileRef = D11CD199180C353F009320DD /* UIAlertView+AFNetworking.m */; };
		D11CD1E6180C353F009320DD /* UIButton+AFNetworking.m in Sources */ = {isa = PBXBuildFile; fileRef = D11CD19B180C353F009320DD /* UIButton+AFNetworking.m */; };
		D11CD1E7180C353F009320DD /* UIImageView+AFNetworking.m in Sources */ = {isa = PBXBuildFile; fileRef = D11CD19D180C353F009320DD /* UIImageView+AFNetworking.m */; };
		D11CD1E8180C353F009320DD /* UIProgressView+AFNetworking.m in Sources */ = {isa = PBXBuildFile; fileRef = D11CD1A0180C353F009320DD /* UIProgressView+AFNetworking.m */; };
		D11CD1E9180C353F009320DD /* UIWebView+AFNetworking.m in Sources */ = {isa = PBXBuildFile; fileRef = D11CD1A2180C353F009320DD /* UIWebView+AFNetworking.m */; };
		D150526F16F7ADD5002BBD4F /* Default-568h@2x.png in Resources */ = {isa = PBXBuildFile; fileRef = D150526E16F7ADD5002BBD4F /* Default-568h@2x.png */; };
		D1574965178DB94900B0211A /* DACircularProgressView.m in Sources */ = {isa = PBXBuildFile; fileRef = D1574949178DB94900B0211A /* DACircularProgressView.m */; };
		D1574966178DB94900B0211A /* SVProgressHUD.bundle in Resources */ = {isa = PBXBuildFile; fileRef = D157494B178DB94900B0211A /* SVProgressHUD.bundle */; };
		D1574967178DB94900B0211A /* SVProgressHUD.m in Sources */ = {isa = PBXBuildFile; fileRef = D157494D178DB94900B0211A /* SVProgressHUD.m */; };
		D1574968178DB94900B0211A /* IDMCaptionView.m in Sources */ = {isa = PBXBuildFile; fileRef = D157494F178DB94900B0211A /* IDMCaptionView.m */; };
		D1574969178DB94900B0211A /* IDMPhoto.m in Sources */ = {isa = PBXBuildFile; fileRef = D1574951178DB94900B0211A /* IDMPhoto.m */; };
		D157496A178DB94900B0211A /* IDMPhotoBrowser.bundle in Resources */ = {isa = PBXBuildFile; fileRef = D1574952178DB94900B0211A /* IDMPhotoBrowser.bundle */; };
		D157496B178DB94900B0211A /* IDMPhotoBrowser.m in Sources */ = {isa = PBXBuildFile; fileRef = D1574954178DB94900B0211A /* IDMPhotoBrowser.m */; };
		D157496C178DB94900B0211A /* IDMTapDetectingImageView.m in Sources */ = {isa = PBXBuildFile; fileRef = D1574957178DB94900B0211A /* IDMTapDetectingImageView.m */; };
		D157496D178DB94900B0211A /* IDMTapDetectingView.m in Sources */ = {isa = PBXBuildFile; fileRef = D1574959178DB94900B0211A /* IDMTapDetectingView.m */; };
		D157496E178DB94900B0211A /* IDMZoomingScrollView.m in Sources */ = {isa = PBXBuildFile; fileRef = D157495B178DB94900B0211A /* IDMZoomingScrollView.m */; };
		D1574971178DB95300B0211A /* README.markdown in Resources */ = {isa = PBXBuildFile; fileRef = D157496F178DB95300B0211A /* README.markdown */; };
		D1574972178DB95300B0211A /* LICENSE.txt in Resources */ = {isa = PBXBuildFile; fileRef = D1574970178DB95300B0211A /* LICENSE.txt */; };
		D1890F7217C66CA70065C101 /* ImageIO.framework in Frameworks */ = {isa = PBXBuildFile; fileRef = D1890F7117C66CA70065C101 /* ImageIO.framework */; };
		D19D826017E8D40700A5859E /* IDMPhotoBrowser_customArrowLeft.png in Resources */ = {isa = PBXBuildFile; fileRef = D19D825617E8D40700A5859E /* IDMPhotoBrowser_customArrowLeft.png */; };
		D19D826117E8D40700A5859E /* IDMPhotoBrowser_customArrowLeft@2x.png in Resources */ = {isa = PBXBuildFile; fileRef = D19D825717E8D40700A5859E /* IDMPhotoBrowser_customArrowLeft@2x.png */; };
		D19D826217E8D40700A5859E /* IDMPhotoBrowser_customArrowLeftSelected.png in Resources */ = {isa = PBXBuildFile; fileRef = D19D825817E8D40700A5859E /* IDMPhotoBrowser_customArrowLeftSelected.png */; };
		D19D826317E8D40700A5859E /* IDMPhotoBrowser_customArrowLeftSelected@2x.png in Resources */ = {isa = PBXBuildFile; fileRef = D19D825917E8D40700A5859E /* IDMPhotoBrowser_customArrowLeftSelected@2x.png */; };
		D19D826417E8D40700A5859E /* IDMPhotoBrowser_customArrowRight.png in Resources */ = {isa = PBXBuildFile; fileRef = D19D825A17E8D40700A5859E /* IDMPhotoBrowser_customArrowRight.png */; };
		D19D826517E8D40700A5859E /* IDMPhotoBrowser_customArrowRight@2x.png in Resources */ = {isa = PBXBuildFile; fileRef = D19D825B17E8D40700A5859E /* IDMPhotoBrowser_customArrowRight@2x.png */; };
		D19D826617E8D40700A5859E /* IDMPhotoBrowser_customArrowRightSelected.png in Resources */ = {isa = PBXBuildFile; fileRef = D19D825C17E8D40700A5859E /* IDMPhotoBrowser_customArrowRightSelected.png */; };
		D19D826717E8D40700A5859E /* IDMPhotoBrowser_customArrowRightSelected@2x.png in Resources */ = {isa = PBXBuildFile; fileRef = D19D825D17E8D40700A5859E /* IDMPhotoBrowser_customArrowRightSelected@2x.png */; };
		D19D826817E8D40700A5859E /* IDMPhotoBrowser_customDoneButton.png in Resources */ = {isa = PBXBuildFile; fileRef = D19D825E17E8D40700A5859E /* IDMPhotoBrowser_customDoneButton.png */; };
		D19D826917E8D40700A5859E /* IDMPhotoBrowser_customDoneButton@2x.png in Resources */ = {isa = PBXBuildFile; fileRef = D19D825F17E8D40700A5859E /* IDMPhotoBrowser_customDoneButton@2x.png */; };
		D19D827417E8DDEC00A5859E /* DCCrossHairView.m in Sources */ = {isa = PBXBuildFile; fileRef = D19D826C17E8DDEC00A5859E /* DCCrossHairView.m */; settings = {COMPILER_FLAGS = "-fno-objc-arc"; }; };
		D19D827517E8DDEC00A5859E /* DCFrameView.m in Sources */ = {isa = PBXBuildFile; fileRef = D19D826E17E8DDEC00A5859E /* DCFrameView.m */; settings = {COMPILER_FLAGS = "-fno-objc-arc"; }; };
		D19D827617E8DDEC00A5859E /* DCIntrospect.m in Sources */ = {isa = PBXBuildFile; fileRef = D19D827017E8DDEC00A5859E /* DCIntrospect.m */; settings = {COMPILER_FLAGS = "-fno-objc-arc"; }; };
		D19D827717E8DDEC00A5859E /* DCStatusBarOverlay.m in Sources */ = {isa = PBXBuildFile; fileRef = D19D827317E8DDEC00A5859E /* DCStatusBarOverlay.m */; settings = {COMPILER_FLAGS = "-fno-objc-arc"; }; };
		D1A193581758F37B00CE615F /* libz.1.2.5.dylib in Frameworks */ = {isa = PBXBuildFile; fileRef = D1A193561758F37B00CE615F /* libz.1.2.5.dylib */; };
		D1A193591758F37B00CE615F /* libz.dylib in Frameworks */ = {isa = PBXBuildFile; fileRef = D1A193571758F37B00CE615F /* libz.dylib */; };
		D1A1935B1758F42300CE615F /* SystemConfiguration.framework in Frameworks */ = {isa = PBXBuildFile; fileRef = D1A1935A1758F42300CE615F /* SystemConfiguration.framework */; };
		D1A1935D1758F42A00CE615F /* MobileCoreServices.framework in Frameworks */ = {isa = PBXBuildFile; fileRef = D1A1935C1758F42A00CE615F /* MobileCoreServices.framework */; };
		D1B43D551721876000D8B807 /* QuartzCore.framework in Frameworks */ = {isa = PBXBuildFile; fileRef = D1B43D541721875F00D8B807 /* QuartzCore.framework */; };
		D1E6EFD317AC40C200D1F530 /* Localizable.strings in Resources */ = {isa = PBXBuildFile; fileRef = D1E6EFD017AC40C200D1F530 /* Localizable.strings */; };
		D1FA3A911805C340000FFE18 /* Security.framework in Frameworks */ = {isa = PBXBuildFile; fileRef = D1FA3A901805C340000FFE18 /* Security.framework */; };
/* End PBXBuildFile section */

/* Begin PBXFileReference section */
		4C6F978D14AF734900F8389A /* PhotoBrowserDemo.app */ = {isa = PBXFileReference; explicitFileType = wrapper.application; includeInIndex = 0; path = PhotoBrowserDemo.app; sourceTree = BUILT_PRODUCTS_DIR; };
		4C6F979114AF734900F8389A /* UIKit.framework */ = {isa = PBXFileReference; lastKnownFileType = wrapper.framework; name = UIKit.framework; path = System/Library/Frameworks/UIKit.framework; sourceTree = SDKROOT; };
		4C6F979314AF734900F8389A /* Foundation.framework */ = {isa = PBXFileReference; lastKnownFileType = wrapper.framework; name = Foundation.framework; path = System/Library/Frameworks/Foundation.framework; sourceTree = SDKROOT; };
		4C6F979514AF734900F8389A /* CoreGraphics.framework */ = {isa = PBXFileReference; lastKnownFileType = wrapper.framework; name = CoreGraphics.framework; path = System/Library/Frameworks/CoreGraphics.framework; sourceTree = SDKROOT; };
		4C6F979914AF734900F8389A /* PhotoBrowserDemo-Info.plist */ = {isa = PBXFileReference; lastKnownFileType = text.plist.xml; path = "PhotoBrowserDemo-Info.plist"; sourceTree = "<group>"; };
		4C6F979D14AF734900F8389A /* main.m */ = {isa = PBXFileReference; fileEncoding = 4; lastKnownFileType = sourcecode.c.objc; path = main.m; sourceTree = "<group>"; };
		4C6F979F14AF734900F8389A /* PhotoBrowserDemo-Prefix.pch */ = {isa = PBXFileReference; lastKnownFileType = sourcecode.c.h; path = "PhotoBrowserDemo-Prefix.pch"; sourceTree = "<group>"; };
		4C6F97A014AF734900F8389A /* AppDelegate.h */ = {isa = PBXFileReference; lastKnownFileType = sourcecode.c.h; path = AppDelegate.h; sourceTree = "<group>"; };
		4C6F97A114AF734900F8389A /* AppDelegate.m */ = {isa = PBXFileReference; lastKnownFileType = sourcecode.c.objc; path = AppDelegate.m; sourceTree = "<group>"; };
		4C6F97B114AF737E00F8389A /* Menu.h */ = {isa = PBXFileReference; fileEncoding = 4; lastKnownFileType = sourcecode.c.h; path = Menu.h; sourceTree = "<group>"; };
		4C6F97B214AF737E00F8389A /* Menu.m */ = {isa = PBXFileReference; fileEncoding = 4; lastKnownFileType = sourcecode.c.objc; path = Menu.m; sourceTree = "<group>"; };
		4C6F97C814AF750400F8389A /* MessageUI.framework */ = {isa = PBXFileReference; lastKnownFileType = wrapper.framework; name = MessageUI.framework; path = System/Library/Frameworks/MessageUI.framework; sourceTree = SDKROOT; };
		4C6F97CB14AF760500F8389A /* photo1l.jpg */ = {isa = PBXFileReference; lastKnownFileType = image.jpeg; name = photo1l.jpg; path = Photos/photo1l.jpg; sourceTree = "<group>"; };
		4C6F97CC14AF760500F8389A /* photo1m.jpg */ = {isa = PBXFileReference; lastKnownFileType = image.jpeg; name = photo1m.jpg; path = Photos/photo1m.jpg; sourceTree = "<group>"; };
		4C6F97CD14AF760500F8389A /* photo2l.jpg */ = {isa = PBXFileReference; lastKnownFileType = image.jpeg; name = photo2l.jpg; path = Photos/photo2l.jpg; sourceTree = "<group>"; };
		4C6F97CE14AF760500F8389A /* photo2m.jpg */ = {isa = PBXFileReference; lastKnownFileType = image.jpeg; name = photo2m.jpg; path = Photos/photo2m.jpg; sourceTree = "<group>"; };
		4C6F97CF14AF760500F8389A /* photo3l.jpg */ = {isa = PBXFileReference; lastKnownFileType = image.jpeg; name = photo3l.jpg; path = Photos/photo3l.jpg; sourceTree = "<group>"; };
		4C6F97D014AF760500F8389A /* photo3m.jpg */ = {isa = PBXFileReference; lastKnownFileType = image.jpeg; name = photo3m.jpg; path = Photos/photo3m.jpg; sourceTree = "<group>"; };
		4C6F97D114AF760500F8389A /* photo4l.jpg */ = {isa = PBXFileReference; lastKnownFileType = image.jpeg; name = photo4l.jpg; path = Photos/photo4l.jpg; sourceTree = "<group>"; };
		4C6F97D214AF760500F8389A /* photo4m.jpg */ = {isa = PBXFileReference; lastKnownFileType = image.jpeg; name = photo4m.jpg; path = Photos/photo4m.jpg; sourceTree = "<group>"; };
		D11464B61802FFC4005B7BC3 /* IDMPBConstants.h */ = {isa = PBXFileReference; lastKnownFileType = sourcecode.c.h; path = IDMPBConstants.h; sourceTree = "<group>"; };
		D11CD121180C353E009320DD /* AFHTTPRequestOperation.h */ = {isa = PBXFileReference; fileEncoding = 4; lastKnownFileType = sourcecode.c.h; path = AFHTTPRequestOperation.h; sourceTree = "<group>"; };
		D11CD122180C353E009320DD /* AFHTTPRequestOperation.m */ = {isa = PBXFileReference; fileEncoding = 4; lastKnownFileType = sourcecode.c.objc; path = AFHTTPRequestOperation.m; sourceTree = "<group>"; };
		D11CD123180C353E009320DD /* AFHTTPRequestOperationManager.h */ = {isa = PBXFileReference; fileEncoding = 4; lastKnownFileType = sourcecode.c.h; path = AFHTTPRequestOperationManager.h; sourceTree = "<group>"; };
		D11CD124180C353E009320DD /* AFHTTPRequestOperationManager.m */ = {isa = PBXFileReference; fileEncoding = 4; lastKnownFileType = sourcecode.c.objc; path = AFHTTPRequestOperationManager.m; sourceTree = "<group>"; };
		D11CD125180C353E009320DD /* AFHTTPSessionManager.h */ = {isa = PBXFileReference; fileEncoding = 4; lastKnownFileType = sourcecode.c.h; path = AFHTTPSessionManager.h; sourceTree = "<group>"; };
		D11CD126180C353E009320DD /* AFHTTPSessionManager.m */ = {isa = PBXFileReference; fileEncoding = 4; lastKnownFileType = sourcecode.c.objc; path = AFHTTPSessionManager.m; sourceTree = "<group>"; };
		D11CD127180C353E009320DD /* AFNetworking.h */ = {isa = PBXFileReference; fileEncoding = 4; lastKnownFileType = sourcecode.c.h; path = AFNetworking.h; sourceTree = "<group>"; };
		D11CD128180C353E009320DD /* AFNetworkReachabilityManager.h */ = {isa = PBXFileReference; fileEncoding = 4; lastKnownFileType = sourcecode.c.h; path = AFNetworkReachabilityManager.h; sourceTree = "<group>"; };
		D11CD129180C353E009320DD /* AFNetworkReachabilityManager.m */ = {isa = PBXFileReference; fileEncoding = 4; lastKnownFileType = sourcecode.c.objc; path = AFNetworkReachabilityManager.m; sourceTree = "<group>"; };
		D11CD12A180C353E009320DD /* AFSecurityPolicy.h */ = {isa = PBXFileReference; fileEncoding = 4; lastKnownFileType = sourcecode.c.h; path = AFSecurityPolicy.h; sourceTree = "<group>"; };
		D11CD12B180C353E009320DD /* AFSecurityPolicy.m */ = {isa = PBXFileReference; fileEncoding = 4; lastKnownFileType = sourcecode.c.objc; path = AFSecurityPolicy.m; sourceTree = "<group>"; };
		D11CD12C180C353E009320DD /* AFURLConnectionOperation.h */ = {isa = PBXFileReference; fileEncoding = 4; lastKnownFileType = sourcecode.c.h; path = AFURLConnectionOperation.h; sourceTree = "<group>"; };
		D11CD12D180C353E009320DD /* AFURLConnectionOperation.m */ = {isa = PBXFileReference; fileEncoding = 4; lastKnownFileType = sourcecode.c.objc; path = AFURLConnectionOperation.m; sourceTree = "<group>"; };
		D11CD12E180C353E009320DD /* AFURLRequestSerialization.h */ = {isa = PBXFileReference; fileEncoding = 4; lastKnownFileType = sourcecode.c.h; path = AFURLRequestSerialization.h; sourceTree = "<group>"; };
		D11CD12F180C353E009320DD /* AFURLRequestSerialization.m */ = {isa = PBXFileReference; fileEncoding = 4; lastKnownFileType = sourcecode.c.objc; path = AFURLRequestSerialization.m; sourceTree = "<group>"; };
		D11CD130180C353E009320DD /* AFURLResponseSerialization.h */ = {isa = PBXFileReference; fileEncoding = 4; lastKnownFileType = sourcecode.c.h; path = AFURLResponseSerialization.h; sourceTree = "<group>"; };
		D11CD131180C353E009320DD /* AFURLResponseSerialization.m */ = {isa = PBXFileReference; fileEncoding = 4; lastKnownFileType = sourcecode.c.objc; path = AFURLResponseSerialization.m; sourceTree = "<group>"; };
		D11CD132180C353E009320DD /* AFURLSessionManager.h */ = {isa = PBXFileReference; fileEncoding = 4; lastKnownFileType = sourcecode.c.h; path = AFURLSessionManager.h; sourceTree = "<group>"; };
		D11CD133180C353E009320DD /* AFURLSessionManager.m */ = {isa = PBXFileReference; fileEncoding = 4; lastKnownFileType = sourcecode.c.objc; path = AFURLSessionManager.m; sourceTree = "<group>"; };
		D11CD194180C353F009320DD /* AFNetworkActivityIndicatorManager.h */ = {isa = PBXFileReference; fileEncoding = 4; lastKnownFileType = sourcecode.c.h; path = AFNetworkActivityIndicatorManager.h; sourceTree = "<group>"; };
		D11CD195180C353F009320DD /* AFNetworkActivityIndicatorManager.m */ = {isa = PBXFileReference; fileEncoding = 4; lastKnownFileType = sourcecode.c.objc; path = AFNetworkActivityIndicatorManager.m; sourceTree = "<group>"; };
		D11CD196180C353F009320DD /* UIActivityIndicatorView+AFNetworking.h */ = {isa = PBXFileReference; fileEncoding = 4; lastKnownFileType = sourcecode.c.h; path = "UIActivityIndicatorView+AFNetworking.h"; sourceTree = "<group>"; };
		D11CD197180C353F009320DD /* UIActivityIndicatorView+AFNetworking.m */ = {isa = PBXFileReference; fileEncoding = 4; lastKnownFileType = sourcecode.c.objc; path = "UIActivityIndicatorView+AFNetworking.m"; sourceTree = "<group>"; };
		D11CD198180C353F009320DD /* UIAlertView+AFNetworking.h */ = {isa = PBXFileReference; fileEncoding = 4; lastKnownFileType = sourcecode.c.h; path = "UIAlertView+AFNetworking.h"; sourceTree = "<group>"; };
		D11CD199180C353F009320DD /* UIAlertView+AFNetworking.m */ = {isa = PBXFileReference; fileEncoding = 4; lastKnownFileType = sourcecode.c.objc; path = "UIAlertView+AFNetworking.m"; sourceTree = "<group>"; };
		D11CD19A180C353F009320DD /* UIButton+AFNetworking.h */ = {isa = PBXFileReference; fileEncoding = 4; lastKnownFileType = sourcecode.c.h; path = "UIButton+AFNetworking.h"; sourceTree = "<group>"; };
		D11CD19B180C353F009320DD /* UIButton+AFNetworking.m */ = {isa = PBXFileReference; fileEncoding = 4; lastKnownFileType = sourcecode.c.objc; path = "UIButton+AFNetworking.m"; sourceTree = "<group>"; };
		D11CD19C180C353F009320DD /* UIImageView+AFNetworking.h */ = {isa = PBXFileReference; fileEncoding = 4; lastKnownFileType = sourcecode.c.h; path = "UIImageView+AFNetworking.h"; sourceTree = "<group>"; };
		D11CD19D180C353F009320DD /* UIImageView+AFNetworking.m */ = {isa = PBXFileReference; fileEncoding = 4; lastKnownFileType = sourcecode.c.objc; path = "UIImageView+AFNetworking.m"; sourceTree = "<group>"; };
		D11CD19E180C353F009320DD /* UIKit+AFNetworking.h */ = {isa = PBXFileReference; fileEncoding = 4; lastKnownFileType = sourcecode.c.h; path = "UIKit+AFNetworking.h"; sourceTree = "<group>"; };
		D11CD19F180C353F009320DD /* UIProgressView+AFNetworking.h */ = {isa = PBXFileReference; fileEncoding = 4; lastKnownFileType = sourcecode.c.h; path = "UIProgressView+AFNetworking.h"; sourceTree = "<group>"; };
		D11CD1A0180C353F009320DD /* UIProgressView+AFNetworking.m */ = {isa = PBXFileReference; fileEncoding = 4; lastKnownFileType = sourcecode.c.objc; path = "UIProgressView+AFNetworking.m"; sourceTree = "<group>"; };
		D11CD1A1180C353F009320DD /* UIWebView+AFNetworking.h */ = {isa = PBXFileReference; fileEncoding = 4; lastKnownFileType = sourcecode.c.h; path = "UIWebView+AFNetworking.h"; sourceTree = "<group>"; };
		D11CD1A2180C353F009320DD /* UIWebView+AFNetworking.m */ = {isa = PBXFileReference; fileEncoding = 4; lastKnownFileType = sourcecode.c.objc; path = "UIWebView+AFNetworking.m"; sourceTree = "<group>"; };
		D150526E16F7ADD5002BBD4F /* Default-568h@2x.png */ = {isa = PBXFileReference; lastKnownFileType = image.png; name = "Default-568h@2x.png"; path = "../Default-568h@2x.png"; sourceTree = "<group>"; };
		D1574948178DB94900B0211A /* DACircularProgressView.h */ = {isa = PBXFileReference; fileEncoding = 4; lastKnownFileType = sourcecode.c.h; path = DACircularProgressView.h; sourceTree = "<group>"; };
		D1574949178DB94900B0211A /* DACircularProgressView.m */ = {isa = PBXFileReference; fileEncoding = 4; lastKnownFileType = sourcecode.c.objc; path = DACircularProgressView.m; sourceTree = "<group>"; };
		D157494B178DB94900B0211A /* SVProgressHUD.bundle */ = {isa = PBXFileReference; lastKnownFileType = "wrapper.plug-in"; path = SVProgressHUD.bundle; sourceTree = "<group>"; };
		D157494C178DB94900B0211A /* SVProgressHUD.h */ = {isa = PBXFileReference; fileEncoding = 4; lastKnownFileType = sourcecode.c.h; path = SVProgressHUD.h; sourceTree = "<group>"; };
		D157494D178DB94900B0211A /* SVProgressHUD.m */ = {isa = PBXFileReference; fileEncoding = 4; lastKnownFileType = sourcecode.c.objc; path = SVProgressHUD.m; sourceTree = "<group>"; };
		D157494E178DB94900B0211A /* IDMCaptionView.h */ = {isa = PBXFileReference; fileEncoding = 4; lastKnownFileType = sourcecode.c.h; path = IDMCaptionView.h; sourceTree = "<group>"; };
		D157494F178DB94900B0211A /* IDMCaptionView.m */ = {isa = PBXFileReference; fileEncoding = 4; lastKnownFileType = sourcecode.c.objc; path = IDMCaptionView.m; sourceTree = "<group>"; };
		D1574950178DB94900B0211A /* IDMPhoto.h */ = {isa = PBXFileReference; fileEncoding = 4; lastKnownFileType = sourcecode.c.h; path = IDMPhoto.h; sourceTree = "<group>"; };
		D1574951178DB94900B0211A /* IDMPhoto.m */ = {isa = PBXFileReference; fileEncoding = 4; lastKnownFileType = sourcecode.c.objc; path = IDMPhoto.m; sourceTree = "<group>"; };
		D1574952178DB94900B0211A /* IDMPhotoBrowser.bundle */ = {isa = PBXFileReference; lastKnownFileType = "wrapper.plug-in"; path = IDMPhotoBrowser.bundle; sourceTree = "<group>"; };
		D1574953178DB94900B0211A /* IDMPhotoBrowser.h */ = {isa = PBXFileReference; fileEncoding = 4; lastKnownFileType = sourcecode.c.h; path = IDMPhotoBrowser.h; sourceTree = "<group>"; };
		D1574954178DB94900B0211A /* IDMPhotoBrowser.m */ = {isa = PBXFileReference; fileEncoding = 4; lastKnownFileType = sourcecode.c.objc; path = IDMPhotoBrowser.m; sourceTree = "<group>"; };
		D1574955178DB94900B0211A /* IDMPhotoProtocol.h */ = {isa = PBXFileReference; fileEncoding = 4; lastKnownFileType = sourcecode.c.h; path = IDMPhotoProtocol.h; sourceTree = "<group>"; };
		D1574956178DB94900B0211A /* IDMTapDetectingImageView.h */ = {isa = PBXFileReference; fileEncoding = 4; lastKnownFileType = sourcecode.c.h; path = IDMTapDetectingImageView.h; sourceTree = "<group>"; };
		D1574957178DB94900B0211A /* IDMTapDetectingImageView.m */ = {isa = PBXFileReference; fileEncoding = 4; lastKnownFileType = sourcecode.c.objc; path = IDMTapDetectingImageView.m; sourceTree = "<group>"; };
		D1574958178DB94900B0211A /* IDMTapDetectingView.h */ = {isa = PBXFileReference; fileEncoding = 4; lastKnownFileType = sourcecode.c.h; path = IDMTapDetectingView.h; sourceTree = "<group>"; };
		D1574959178DB94900B0211A /* IDMTapDetectingView.m */ = {isa = PBXFileReference; fileEncoding = 4; lastKnownFileType = sourcecode.c.objc; path = IDMTapDetectingView.m; sourceTree = "<group>"; };
		D157495A178DB94900B0211A /* IDMZoomingScrollView.h */ = {isa = PBXFileReference; fileEncoding = 4; lastKnownFileType = sourcecode.c.h; path = IDMZoomingScrollView.h; sourceTree = "<group>"; };
		D157495B178DB94900B0211A /* IDMZoomingScrollView.m */ = {isa = PBXFileReference; fileEncoding = 4; lastKnownFileType = sourcecode.c.objc; path = IDMZoomingScrollView.m; sourceTree = "<group>"; };
		D157496F178DB95300B0211A /* README.markdown */ = {isa = PBXFileReference; fileEncoding = 4; lastKnownFileType = text; name = README.markdown; path = ../../README.markdown; sourceTree = "<group>"; };
		D1574970178DB95300B0211A /* LICENSE.txt */ = {isa = PBXFileReference; fileEncoding = 4; lastKnownFileType = text; name = LICENSE.txt; path = ../../LICENSE.txt; sourceTree = "<group>"; };
		D1890F7117C66CA70065C101 /* ImageIO.framework */ = {isa = PBXFileReference; lastKnownFileType = wrapper.framework; name = ImageIO.framework; path = System/Library/Frameworks/ImageIO.framework; sourceTree = SDKROOT; };
		D19D825617E8D40700A5859E /* IDMPhotoBrowser_customArrowLeft.png */ = {isa = PBXFileReference; lastKnownFileType = image.png; path = IDMPhotoBrowser_customArrowLeft.png; sourceTree = "<group>"; };
		D19D825717E8D40700A5859E /* IDMPhotoBrowser_customArrowLeft@2x.png */ = {isa = PBXFileReference; lastKnownFileType = image.png; path = "IDMPhotoBrowser_customArrowLeft@2x.png"; sourceTree = "<group>"; };
		D19D825817E8D40700A5859E /* IDMPhotoBrowser_customArrowLeftSelected.png */ = {isa = PBXFileReference; lastKnownFileType = image.png; path = IDMPhotoBrowser_customArrowLeftSelected.png; sourceTree = "<group>"; };
		D19D825917E8D40700A5859E /* IDMPhotoBrowser_customArrowLeftSelected@2x.png */ = {isa = PBXFileReference; lastKnownFileType = image.png; path = "IDMPhotoBrowser_customArrowLeftSelected@2x.png"; sourceTree = "<group>"; };
		D19D825A17E8D40700A5859E /* IDMPhotoBrowser_customArrowRight.png */ = {isa = PBXFileReference; lastKnownFileType = image.png; path = IDMPhotoBrowser_customArrowRight.png; sourceTree = "<group>"; };
		D19D825B17E8D40700A5859E /* IDMPhotoBrowser_customArrowRight@2x.png */ = {isa = PBXFileReference; lastKnownFileType = image.png; path = "IDMPhotoBrowser_customArrowRight@2x.png"; sourceTree = "<group>"; };
		D19D825C17E8D40700A5859E /* IDMPhotoBrowser_customArrowRightSelected.png */ = {isa = PBXFileReference; lastKnownFileType = image.png; path = IDMPhotoBrowser_customArrowRightSelected.png; sourceTree = "<group>"; };
		D19D825D17E8D40700A5859E /* IDMPhotoBrowser_customArrowRightSelected@2x.png */ = {isa = PBXFileReference; lastKnownFileType = image.png; path = "IDMPhotoBrowser_customArrowRightSelected@2x.png"; sourceTree = "<group>"; };
		D19D825E17E8D40700A5859E /* IDMPhotoBrowser_customDoneButton.png */ = {isa = PBXFileReference; lastKnownFileType = image.png; path = IDMPhotoBrowser_customDoneButton.png; sourceTree = "<group>"; };
		D19D825F17E8D40700A5859E /* IDMPhotoBrowser_customDoneButton@2x.png */ = {isa = PBXFileReference; lastKnownFileType = image.png; path = "IDMPhotoBrowser_customDoneButton@2x.png"; sourceTree = "<group>"; };
		D19D826B17E8DDEC00A5859E /* DCCrossHairView.h */ = {isa = PBXFileReference; fileEncoding = 4; lastKnownFileType = sourcecode.c.h; path = DCCrossHairView.h; sourceTree = "<group>"; };
		D19D826C17E8DDEC00A5859E /* DCCrossHairView.m */ = {isa = PBXFileReference; fileEncoding = 4; lastKnownFileType = sourcecode.c.objc; path = DCCrossHairView.m; sourceTree = "<group>"; };
		D19D826D17E8DDEC00A5859E /* DCFrameView.h */ = {isa = PBXFileReference; fileEncoding = 4; lastKnownFileType = sourcecode.c.h; path = DCFrameView.h; sourceTree = "<group>"; };
		D19D826E17E8DDEC00A5859E /* DCFrameView.m */ = {isa = PBXFileReference; fileEncoding = 4; lastKnownFileType = sourcecode.c.objc; path = DCFrameView.m; sourceTree = "<group>"; };
		D19D826F17E8DDEC00A5859E /* DCIntrospect.h */ = {isa = PBXFileReference; fileEncoding = 4; lastKnownFileType = sourcecode.c.h; path = DCIntrospect.h; sourceTree = "<group>"; };
		D19D827017E8DDEC00A5859E /* DCIntrospect.m */ = {isa = PBXFileReference; fileEncoding = 4; lastKnownFileType = sourcecode.c.objc; path = DCIntrospect.m; sourceTree = "<group>"; };
		D19D827117E8DDEC00A5859E /* DCIntrospectSettings.h */ = {isa = PBXFileReference; fileEncoding = 4; lastKnownFileType = sourcecode.c.h; path = DCIntrospectSettings.h; sourceTree = "<group>"; };
		D19D827217E8DDEC00A5859E /* DCStatusBarOverlay.h */ = {isa = PBXFileReference; fileEncoding = 4; lastKnownFileType = sourcecode.c.h; path = DCStatusBarOverlay.h; sourceTree = "<group>"; };
		D19D827317E8DDEC00A5859E /* DCStatusBarOverlay.m */ = {isa = PBXFileReference; fileEncoding = 4; lastKnownFileType = sourcecode.c.objc; path = DCStatusBarOverlay.m; sourceTree = "<group>"; };
		D1A193561758F37B00CE615F /* libz.1.2.5.dylib */ = {isa = PBXFileReference; lastKnownFileType = "compiled.mach-o.dylib"; name = libz.1.2.5.dylib; path = usr/lib/libz.1.2.5.dylib; sourceTree = SDKROOT; };
		D1A193571758F37B00CE615F /* libz.dylib */ = {isa = PBXFileReference; lastKnownFileType = "compiled.mach-o.dylib"; name = libz.dylib; path = usr/lib/libz.dylib; sourceTree = SDKROOT; };
		D1A1935A1758F42300CE615F /* SystemConfiguration.framework */ = {isa = PBXFileReference; lastKnownFileType = wrapper.framework; name = SystemConfiguration.framework; path = System/Library/Frameworks/SystemConfiguration.framework; sourceTree = SDKROOT; };
		D1A1935C1758F42A00CE615F /* MobileCoreServices.framework */ = {isa = PBXFileReference; lastKnownFileType = wrapper.framework; name = MobileCoreServices.framework; path = System/Library/Frameworks/MobileCoreServices.framework; sourceTree = SDKROOT; };
		D1B43D541721875F00D8B807 /* QuartzCore.framework */ = {isa = PBXFileReference; lastKnownFileType = wrapper.framework; name = QuartzCore.framework; path = System/Library/Frameworks/QuartzCore.framework; sourceTree = SDKROOT; };
		D1E6EFD117AC40C200D1F530 /* en */ = {isa = PBXFileReference; lastKnownFileType = text.plist.strings; name = en; path = en.lproj/Localizable.strings; sourceTree = "<group>"; };
		D1E6EFD217AC40C200D1F530 /* pt */ = {isa = PBXFileReference; lastKnownFileType = text.plist.strings; name = pt; path = pt.lproj/Localizable.strings; sourceTree = "<group>"; };
		D1FA3A901805C340000FFE18 /* Security.framework */ = {isa = PBXFileReference; lastKnownFileType = wrapper.framework; name = Security.framework; path = System/Library/Frameworks/Security.framework; sourceTree = SDKROOT; };
/* End PBXFileReference section */

/* Begin PBXFrameworksBuildPhase section */
		4C6F978A14AF734800F8389A /* Frameworks */ = {
			isa = PBXFrameworksBuildPhase;
			buildActionMask = 2147483647;
			files = (
				D1FA3A911805C340000FFE18 /* Security.framework in Frameworks */,
				D1890F7217C66CA70065C101 /* ImageIO.framework in Frameworks */,
				D1A1935D1758F42A00CE615F /* MobileCoreServices.framework in Frameworks */,
				D1A1935B1758F42300CE615F /* SystemConfiguration.framework in Frameworks */,
				D1A193581758F37B00CE615F /* libz.1.2.5.dylib in Frameworks */,
				D1A193591758F37B00CE615F /* libz.dylib in Frameworks */,
				D1B43D551721876000D8B807 /* QuartzCore.framework in Frameworks */,
				4C6F97C914AF750400F8389A /* MessageUI.framework in Frameworks */,
				4C6F979214AF734900F8389A /* UIKit.framework in Frameworks */,
				4C6F979414AF734900F8389A /* Foundation.framework in Frameworks */,
				4C6F979614AF734900F8389A /* CoreGraphics.framework in Frameworks */,
			);
			runOnlyForDeploymentPostprocessing = 0;
		};
/* End PBXFrameworksBuildPhase section */

/* Begin PBXGroup section */
		4C6F978214AF734800F8389A = {
			isa = PBXGroup;
			children = (
				D1574931178DB94900B0211A /* Classes */,
				4C6F979714AF734900F8389A /* PhotoBrowserDemo */,
				4C6F97CA14AF75D300F8389A /* Photos */,
				4C6F979814AF734900F8389A /* Supporting Files */,
				4C6F979014AF734900F8389A /* Frameworks */,
				4C6F978E14AF734900F8389A /* Products */,
			);
			sourceTree = "<group>";
		};
		4C6F978E14AF734900F8389A /* Products */ = {
			isa = PBXGroup;
			children = (
				4C6F978D14AF734900F8389A /* PhotoBrowserDemo.app */,
			);
			name = Products;
			sourceTree = "<group>";
		};
		4C6F979014AF734900F8389A /* Frameworks */ = {
			isa = PBXGroup;
			children = (
				D1FA3A901805C340000FFE18 /* Security.framework */,
				4C6F979514AF734900F8389A /* CoreGraphics.framework */,
				4C6F979314AF734900F8389A /* Foundation.framework */,
				D1890F7117C66CA70065C101 /* ImageIO.framework */,
				D1A193561758F37B00CE615F /* libz.1.2.5.dylib */,
				D1A193571758F37B00CE615F /* libz.dylib */,
				4C6F97C814AF750400F8389A /* MessageUI.framework */,
				D1A1935C1758F42A00CE615F /* MobileCoreServices.framework */,
				D1B43D541721875F00D8B807 /* QuartzCore.framework */,
				D1A1935A1758F42300CE615F /* SystemConfiguration.framework */,
				4C6F979114AF734900F8389A /* UIKit.framework */,
			);
			name = Frameworks;
			sourceTree = "<group>";
		};
		4C6F979714AF734900F8389A /* PhotoBrowserDemo */ = {
			isa = PBXGroup;
			children = (
				D150527116F7B044002BBD4F /* AppDelegate */,
				D150527216F7B04B002BBD4F /* Menu */,
			);
			path = PhotoBrowserDemo;
			sourceTree = "<group>";
		};
		4C6F979814AF734900F8389A /* Supporting Files */ = {
			isa = PBXGroup;
			children = (
				D19D825517E8D40700A5859E /* CustomImages */,
				D157496F178DB95300B0211A /* README.markdown */,
				D1574970178DB95300B0211A /* LICENSE.txt */,
				D150526E16F7ADD5002BBD4F /* Default-568h@2x.png */,
				4C6F979914AF734900F8389A /* PhotoBrowserDemo-Info.plist */,
				D1E6EFD017AC40C200D1F530 /* Localizable.strings */,
				4C6F979D14AF734900F8389A /* main.m */,
				4C6F979F14AF734900F8389A /* PhotoBrowserDemo-Prefix.pch */,
			);
			name = "Supporting Files";
			path = PhotoBrowserDemo;
			sourceTree = "<group>";
		};
		4C6F97CA14AF75D300F8389A /* Photos */ = {
			isa = PBXGroup;
			children = (
				4C6F97CB14AF760500F8389A /* photo1l.jpg */,
				4C6F97CC14AF760500F8389A /* photo1m.jpg */,
				4C6F97CD14AF760500F8389A /* photo2l.jpg */,
				4C6F97CE14AF760500F8389A /* photo2m.jpg */,
				4C6F97CF14AF760500F8389A /* photo3l.jpg */,
				4C6F97D014AF760500F8389A /* photo3m.jpg */,
				4C6F97D114AF760500F8389A /* photo4l.jpg */,
				4C6F97D214AF760500F8389A /* photo4m.jpg */,
			);
			name = Photos;
			path = PhotoBrowserDemo;
			sourceTree = "<group>";
		};
		D11CD11D180C353E009320DD /* AFNetworking */ = {
			isa = PBXGroup;
			children = (
				D11CD120180C353E009320DD /* AFNetworking */,
				D11CD193180C353F009320DD /* UIKit+AFNetworking */,
			);
			path = AFNetworking;
			sourceTree = "<group>";
		};
		D11CD120180C353E009320DD /* AFNetworking */ = {
			isa = PBXGroup;
			children = (
				D11CD121180C353E009320DD /* AFHTTPRequestOperation.h */,
				D11CD122180C353E009320DD /* AFHTTPRequestOperation.m */,
				D11CD123180C353E009320DD /* AFHTTPRequestOperationManager.h */,
				D11CD124180C353E009320DD /* AFHTTPRequestOperationManager.m */,
				D11CD125180C353E009320DD /* AFHTTPSessionManager.h */,
				D11CD126180C353E009320DD /* AFHTTPSessionManager.m */,
				D11CD127180C353E009320DD /* AFNetworking.h */,
				D11CD128180C353E009320DD /* AFNetworkReachabilityManager.h */,
				D11CD129180C353E009320DD /* AFNetworkReachabilityManager.m */,
				D11CD12A180C353E009320DD /* AFSecurityPolicy.h */,
				D11CD12B180C353E009320DD /* AFSecurityPolicy.m */,
				D11CD12C180C353E009320DD /* AFURLConnectionOperation.h */,
				D11CD12D180C353E009320DD /* AFURLConnectionOperation.m */,
				D11CD12E180C353E009320DD /* AFURLRequestSerialization.h */,
				D11CD12F180C353E009320DD /* AFURLRequestSerialization.m */,
				D11CD130180C353E009320DD /* AFURLResponseSerialization.h */,
				D11CD131180C353E009320DD /* AFURLResponseSerialization.m */,
				D11CD132180C353E009320DD /* AFURLSessionManager.h */,
				D11CD133180C353E009320DD /* AFURLSessionManager.m */,
			);
			path = AFNetworking;
			sourceTree = "<group>";
		};
		D11CD193180C353F009320DD /* UIKit+AFNetworking */ = {
			isa = PBXGroup;
			children = (
				D11CD194180C353F009320DD /* AFNetworkActivityIndicatorManager.h */,
				D11CD195180C353F009320DD /* AFNetworkActivityIndicatorManager.m */,
				D11CD196180C353F009320DD /* UIActivityIndicatorView+AFNetworking.h */,
				D11CD197180C353F009320DD /* UIActivityIndicatorView+AFNetworking.m */,
				D11CD198180C353F009320DD /* UIAlertView+AFNetworking.h */,
				D11CD199180C353F009320DD /* UIAlertView+AFNetworking.m */,
				D11CD19A180C353F009320DD /* UIButton+AFNetworking.h */,
				D11CD19B180C353F009320DD /* UIButton+AFNetworking.m */,
				D11CD19C180C353F009320DD /* UIImageView+AFNetworking.h */,
				D11CD19D180C353F009320DD /* UIImageView+AFNetworking.m */,
				D11CD19E180C353F009320DD /* UIKit+AFNetworking.h */,
				D11CD19F180C353F009320DD /* UIProgressView+AFNetworking.h */,
				D11CD1A0180C353F009320DD /* UIProgressView+AFNetworking.m */,
				D11CD1A1180C353F009320DD /* UIWebView+AFNetworking.h */,
				D11CD1A2180C353F009320DD /* UIWebView+AFNetworking.m */,
			);
			path = "UIKit+AFNetworking";
			sourceTree = "<group>";
		};
		D150527116F7B044002BBD4F /* AppDelegate */ = {
			isa = PBXGroup;
			children = (
				4C6F97A014AF734900F8389A /* AppDelegate.h */,
				4C6F97A114AF734900F8389A /* AppDelegate.m */,
			);
			name = AppDelegate;
			sourceTree = "<group>";
		};
		D150527216F7B04B002BBD4F /* Menu */ = {
			isa = PBXGroup;
			children = (
				4C6F97B114AF737E00F8389A /* Menu.h */,
				4C6F97B214AF737E00F8389A /* Menu.m */,
			);
			name = Menu;
			sourceTree = "<group>";
		};
		D1574931178DB94900B0211A /* Classes */ = {
			isa = PBXGroup;
			children = (
				D1574932178DB94900B0211A /* ExternalLibraries */,
				D157494E178DB94900B0211A /* IDMCaptionView.h */,
				D157494F178DB94900B0211A /* IDMCaptionView.m */,
				D11464B61802FFC4005B7BC3 /* IDMPBConstants.h */,
				D1574950178DB94900B0211A /* IDMPhoto.h */,
				D1574951178DB94900B0211A /* IDMPhoto.m */,
				D1574953178DB94900B0211A /* IDMPhotoBrowser.h */,
				D1574954178DB94900B0211A /* IDMPhotoBrowser.m */,
				D1574955178DB94900B0211A /* IDMPhotoProtocol.h */,
				D1574956178DB94900B0211A /* IDMTapDetectingImageView.h */,
				D1574957178DB94900B0211A /* IDMTapDetectingImageView.m */,
				D1574958178DB94900B0211A /* IDMTapDetectingView.h */,
				D1574959178DB94900B0211A /* IDMTapDetectingView.m */,
				D157495A178DB94900B0211A /* IDMZoomingScrollView.h */,
				D157495B178DB94900B0211A /* IDMZoomingScrollView.m */,
				D1574952178DB94900B0211A /* IDMPhotoBrowser.bundle */,
			);
			name = Classes;
			path = ../Classes;
			sourceTree = "<group>";
		};
		D1574932178DB94900B0211A /* ExternalLibraries */ = {
			isa = PBXGroup;
			children = (
				D11CD11D180C353E009320DD /* AFNetworking */,
				D1574947178DB94900B0211A /* DACircularProgress */,
				D19D826A17E8DDEC00A5859E /* DCIntrospect */,
				D157494A178DB94900B0211A /* SVProgressHUD */,
			);
			path = ExternalLibraries;
			sourceTree = "<group>";
		};
		D1574947178DB94900B0211A /* DACircularProgress */ = {
			isa = PBXGroup;
			children = (
				D1574948178DB94900B0211A /* DACircularProgressView.h */,
				D1574949178DB94900B0211A /* DACircularProgressView.m */,
			);
			path = DACircularProgress;
			sourceTree = "<group>";
		};
		D157494A178DB94900B0211A /* SVProgressHUD */ = {
			isa = PBXGroup;
			children = (
				D157494B178DB94900B0211A /* SVProgressHUD.bundle */,
				D157494C178DB94900B0211A /* SVProgressHUD.h */,
				D157494D178DB94900B0211A /* SVProgressHUD.m */,
			);
			path = SVProgressHUD;
			sourceTree = "<group>";
		};
		D19D825517E8D40700A5859E /* CustomImages */ = {
			isa = PBXGroup;
			children = (
				D19D825617E8D40700A5859E /* IDMPhotoBrowser_customArrowLeft.png */,
				D19D825717E8D40700A5859E /* IDMPhotoBrowser_customArrowLeft@2x.png */,
				D19D825817E8D40700A5859E /* IDMPhotoBrowser_customArrowLeftSelected.png */,
				D19D825917E8D40700A5859E /* IDMPhotoBrowser_customArrowLeftSelected@2x.png */,
				D19D825A17E8D40700A5859E /* IDMPhotoBrowser_customArrowRight.png */,
				D19D825B17E8D40700A5859E /* IDMPhotoBrowser_customArrowRight@2x.png */,
				D19D825C17E8D40700A5859E /* IDMPhotoBrowser_customArrowRightSelected.png */,
				D19D825D17E8D40700A5859E /* IDMPhotoBrowser_customArrowRightSelected@2x.png */,
				D19D825E17E8D40700A5859E /* IDMPhotoBrowser_customDoneButton.png */,
				D19D825F17E8D40700A5859E /* IDMPhotoBrowser_customDoneButton@2x.png */,
			);
			path = CustomImages;
			sourceTree = "<group>";
		};
		D19D826A17E8DDEC00A5859E /* DCIntrospect */ = {
			isa = PBXGroup;
			children = (
				D19D826B17E8DDEC00A5859E /* DCCrossHairView.h */,
				D19D826C17E8DDEC00A5859E /* DCCrossHairView.m */,
				D19D826D17E8DDEC00A5859E /* DCFrameView.h */,
				D19D826E17E8DDEC00A5859E /* DCFrameView.m */,
				D19D826F17E8DDEC00A5859E /* DCIntrospect.h */,
				D19D827017E8DDEC00A5859E /* DCIntrospect.m */,
				D19D827117E8DDEC00A5859E /* DCIntrospectSettings.h */,
				D19D827217E8DDEC00A5859E /* DCStatusBarOverlay.h */,
				D19D827317E8DDEC00A5859E /* DCStatusBarOverlay.m */,
			);
			path = DCIntrospect;
			sourceTree = "<group>";
		};
/* End PBXGroup section */

/* Begin PBXNativeTarget section */
		4C6F978C14AF734800F8389A /* PhotoBrowserDemo */ = {
			isa = PBXNativeTarget;
			buildConfigurationList = 4C6F97AE14AF734900F8389A /* Build configuration list for PBXNativeTarget "PhotoBrowserDemo" */;
			buildPhases = (
				4C6F978914AF734800F8389A /* Sources */,
				4C6F978A14AF734800F8389A /* Frameworks */,
				4C6F978B14AF734800F8389A /* Resources */,
			);
			buildRules = (
			);
			dependencies = (
			);
			name = PhotoBrowserDemo;
			productName = PhotoBrowserDemo;
			productReference = 4C6F978D14AF734900F8389A /* PhotoBrowserDemo.app */;
			productType = "com.apple.product-type.application";
		};
/* End PBXNativeTarget section */

/* Begin PBXProject section */
		4C6F978414AF734800F8389A /* Project object */ = {
			isa = PBXProject;
			attributes = {
				LastUpgradeCheck = 0500;
			};
			buildConfigurationList = 4C6F978714AF734800F8389A /* Build configuration list for PBXProject "PhotoBrowserDemo" */;
			compatibilityVersion = "Xcode 3.2";
			developmentRegion = English;
			hasScannedForEncodings = 0;
			knownRegions = (
				en,
				fr,
				pt,
			);
			mainGroup = 4C6F978214AF734800F8389A;
			productRefGroup = 4C6F978E14AF734900F8389A /* Products */;
			projectDirPath = "";
			projectRoot = "";
			targets = (
				4C6F978C14AF734800F8389A /* PhotoBrowserDemo */,
			);
		};
/* End PBXProject section */

/* Begin PBXResourcesBuildPhase section */
		4C6F978B14AF734800F8389A /* Resources */ = {
			isa = PBXResourcesBuildPhase;
			buildActionMask = 2147483647;
			files = (
				4C6F97D314AF760500F8389A /* photo1l.jpg in Resources */,
				4C6F97D414AF760500F8389A /* photo1m.jpg in Resources */,
				4C6F97D514AF760500F8389A /* photo2l.jpg in Resources */,
				4C6F97D614AF760500F8389A /* photo2m.jpg in Resources */,
				4C6F97D714AF760500F8389A /* photo3l.jpg in Resources */,
				4C6F97D814AF760500F8389A /* photo3m.jpg in Resources */,
				4C6F97D914AF760500F8389A /* photo4l.jpg in Resources */,
				4C6F97DA14AF760500F8389A /* photo4m.jpg in Resources */,
				D150526F16F7ADD5002BBD4F /* Default-568h@2x.png in Resources */,
				D1574966178DB94900B0211A /* SVProgressHUD.bundle in Resources */,
				D157496A178DB94900B0211A /* IDMPhotoBrowser.bundle in Resources */,
				D1574971178DB95300B0211A /* README.markdown in Resources */,
				D1574972178DB95300B0211A /* LICENSE.txt in Resources */,
				D1E6EFD317AC40C200D1F530 /* Localizable.strings in Resources */,
				D19D826017E8D40700A5859E /* IDMPhotoBrowser_customArrowLeft.png in Resources */,
				D19D826117E8D40700A5859E /* IDMPhotoBrowser_customArrowLeft@2x.png in Resources */,
				D19D826217E8D40700A5859E /* IDMPhotoBrowser_customArrowLeftSelected.png in Resources */,
				D19D826317E8D40700A5859E /* IDMPhotoBrowser_customArrowLeftSelected@2x.png in Resources */,
				D19D826417E8D40700A5859E /* IDMPhotoBrowser_customArrowRight.png in Resources */,
				D19D826517E8D40700A5859E /* IDMPhotoBrowser_customArrowRight@2x.png in Resources */,
				D19D826617E8D40700A5859E /* IDMPhotoBrowser_customArrowRightSelected.png in Resources */,
				D19D826717E8D40700A5859E /* IDMPhotoBrowser_customArrowRightSelected@2x.png in Resources */,
				D19D826817E8D40700A5859E /* IDMPhotoBrowser_customDoneButton.png in Resources */,
				D19D826917E8D40700A5859E /* IDMPhotoBrowser_customDoneButton@2x.png in Resources */,
			);
			runOnlyForDeploymentPostprocessing = 0;
		};
/* End PBXResourcesBuildPhase section */

/* Begin PBXSourcesBuildPhase section */
		4C6F978914AF734800F8389A /* Sources */ = {
			isa = PBXSourcesBuildPhase;
			buildActionMask = 2147483647;
			files = (
				4C6F979E14AF734900F8389A /* main.m in Sources */,
				4C6F97A214AF734900F8389A /* AppDelegate.m in Sources */,
				4C6F97B314AF737E00F8389A /* Menu.m in Sources */,
				D11CD1E3180C353F009320DD /* AFNetworkActivityIndicatorManager.m in Sources */,
				D11CD1A7180C353F009320DD /* AFHTTPSessionManager.m in Sources */,
				D11CD1E4180C353F009320DD /* UIActivityIndicatorView+AFNetworking.m in Sources */,
				D11CD1E8180C353F009320DD /* UIProgressView+AFNetworking.m in Sources */,
				D1574965178DB94900B0211A /* DACircularProgressView.m in Sources */,
				D11CD1A8180C353F009320DD /* AFNetworkReachabilityManager.m in Sources */,
				D11CD1A5180C353F009320DD /* AFHTTPRequestOperation.m in Sources */,
				D11CD1AB180C353F009320DD /* AFURLRequestSerialization.m in Sources */,
				D11CD1AA180C353F009320DD /* AFURLConnectionOperation.m in Sources */,
				D11CD1AD180C353F009320DD /* AFURLSessionManager.m in Sources */,
				D11CD1E9180C353F009320DD /* UIWebView+AFNetworking.m in Sources */,
				D1574967178DB94900B0211A /* SVProgressHUD.m in Sources */,
				D11CD1E5180C353F009320DD /* UIAlertView+AFNetworking.m in Sources */,
				D1574968178DB94900B0211A /* IDMCaptionView.m in Sources */,
				D11CD1E6180C353F009320DD /* UIButton+AFNetworking.m in Sources */,
				D1574969178DB94900B0211A /* IDMPhoto.m in Sources */,
				D157496B178DB94900B0211A /* IDMPhotoBrowser.m in Sources */,
				D157496C178DB94900B0211A /* IDMTapDetectingImageView.m in Sources */,
				D157496D178DB94900B0211A /* IDMTapDetectingView.m in Sources */,
				D157496E178DB94900B0211A /* IDMZoomingScrollView.m in Sources */,
				D19D827417E8DDEC00A5859E /* DCCrossHairView.m in Sources */,
				D19D827517E8DDEC00A5859E /* DCFrameView.m in Sources */,
				D11CD1A9180C353F009320DD /* AFSecurityPolicy.m in Sources */,
				D19D827617E8DDEC00A5859E /* DCIntrospect.m in Sources */,
				D11CD1A6180C353F009320DD /* AFHTTPRequestOperationManager.m in Sources */,
				D11CD1E7180C353F009320DD /* UIImageView+AFNetworking.m in Sources */,
				D19D827717E8DDEC00A5859E /* DCStatusBarOverlay.m in Sources */,
				D11CD1AC180C353F009320DD /* AFURLResponseSerialization.m in Sources */,
			);
			runOnlyForDeploymentPostprocessing = 0;
		};
/* End PBXSourcesBuildPhase section */

/* Begin PBXVariantGroup section */
		D1E6EFD017AC40C200D1F530 /* Localizable.strings */ = {
			isa = PBXVariantGroup;
			children = (
				D1E6EFD117AC40C200D1F530 /* en */,
				D1E6EFD217AC40C200D1F530 /* pt */,
			);
			name = Localizable.strings;
			sourceTree = "<group>";
		};
/* End PBXVariantGroup section */

/* Begin XCBuildConfiguration section */
		4C6F97AC14AF734900F8389A /* Debug */ = {
			isa = XCBuildConfiguration;
			buildSettings = {
				ALWAYS_SEARCH_USER_PATHS = YES;
				CLANG_WARN_BOOL_CONVERSION = YES;
				CLANG_WARN_CONSTANT_CONVERSION = YES;
				CLANG_WARN_EMPTY_BODY = YES;
				CLANG_WARN_ENUM_CONVERSION = YES;
				CLANG_WARN_INT_CONVERSION = YES;
				CLANG_WARN__DUPLICATE_METHOD_MATCH = YES;
				CODE_SIGN_IDENTITY = "";
				"CODE_SIGN_IDENTITY[sdk=iphoneos*]" = "iPhone Developer";
				COPY_PHASE_STRIP = NO;
				GCC_C_LANGUAGE_STANDARD = gnu99;
				GCC_DYNAMIC_NO_PIC = NO;
				GCC_OPTIMIZATION_LEVEL = 0;
				GCC_PREPROCESSOR_DEFINITIONS = (
					"DEBUG=1",
					"$(inherited)",
				);
				GCC_SYMBOLS_PRIVATE_EXTERN = NO;
				GCC_VERSION = com.apple.compilers.llvm.clang.1_0;
				GCC_WARN_64_TO_32_BIT_CONVERSION = YES;
				GCC_WARN_ABOUT_MISSING_PROTOTYPES = YES;
				GCC_WARN_ABOUT_RETURN_TYPE = YES;
				GCC_WARN_UNDECLARED_SELECTOR = YES;
				GCC_WARN_UNINITIALIZED_AUTOS = YES;
				GCC_WARN_UNUSED_FUNCTION = YES;
				GCC_WARN_UNUSED_VARIABLE = YES;
				IPHONEOS_DEPLOYMENT_TARGET = 7.0;
				ONLY_ACTIVE_ARCH = YES;
				SDKROOT = iphoneos;
				TARGETED_DEVICE_FAMILY = "1,2";
			};
			name = Debug;
		};
		4C6F97AD14AF734900F8389A /* Release */ = {
			isa = XCBuildConfiguration;
			buildSettings = {
				ALWAYS_SEARCH_USER_PATHS = YES;
				CLANG_WARN_BOOL_CONVERSION = YES;
				CLANG_WARN_CONSTANT_CONVERSION = YES;
				CLANG_WARN_EMPTY_BODY = YES;
				CLANG_WARN_ENUM_CONVERSION = YES;
				CLANG_WARN_INT_CONVERSION = YES;
				CLANG_WARN__DUPLICATE_METHOD_MATCH = YES;
				CODE_SIGN_IDENTITY = "";
				"CODE_SIGN_IDENTITY[sdk=iphoneos*]" = "iPhone Developer";
				COPY_PHASE_STRIP = YES;
				GCC_C_LANGUAGE_STANDARD = gnu99;
				GCC_VERSION = com.apple.compilers.llvm.clang.1_0;
				GCC_WARN_64_TO_32_BIT_CONVERSION = YES;
				GCC_WARN_ABOUT_MISSING_PROTOTYPES = YES;
				GCC_WARN_ABOUT_RETURN_TYPE = YES;
				GCC_WARN_UNDECLARED_SELECTOR = YES;
				GCC_WARN_UNINITIALIZED_AUTOS = YES;
				GCC_WARN_UNUSED_FUNCTION = YES;
				GCC_WARN_UNUSED_VARIABLE = YES;
				IPHONEOS_DEPLOYMENT_TARGET = 7.0;
				OTHER_CFLAGS = "-DNS_BLOCK_ASSERTIONS=1";
				SDKROOT = iphoneos;
				TARGETED_DEVICE_FAMILY = "1,2";
				VALIDATE_PRODUCT = YES;
			};
			name = Release;
		};
		4C6F97AF14AF734900F8389A /* Debug */ = {
			isa = XCBuildConfiguration;
			buildSettings = {
				CLANG_ENABLE_OBJC_ARC = YES;
				GCC_PRECOMPILE_PREFIX_HEADER = YES;
				GCC_PREFIX_HEADER = "PhotoBrowserDemo/PhotoBrowserDemo-Prefix.pch";
				GCC_THUMB_SUPPORT = NO;
				INFOPLIST_FILE = "PhotoBrowserDemo/PhotoBrowserDemo-Info.plist";
				IPHONEOS_DEPLOYMENT_TARGET = 7.0;
				PRODUCT_NAME = "$(TARGET_NAME)";
				TARGETED_DEVICE_FAMILY = "1,2";
				USER_HEADER_SEARCH_PATHS = "../**";
				WRAPPER_EXTENSION = app;
			};
			name = Debug;
		};
		4C6F97B014AF734900F8389A /* Release */ = {
			isa = XCBuildConfiguration;
			buildSettings = {
				CLANG_ENABLE_OBJC_ARC = YES;
				GCC_PRECOMPILE_PREFIX_HEADER = YES;
				GCC_PREFIX_HEADER = "PhotoBrowserDemo/PhotoBrowserDemo-Prefix.pch";
				GCC_THUMB_SUPPORT = NO;
				INFOPLIST_FILE = "PhotoBrowserDemo/PhotoBrowserDemo-Info.plist";
				IPHONEOS_DEPLOYMENT_TARGET = 7.0;
				PRODUCT_NAME = "$(TARGET_NAME)";
				TARGETED_DEVICE_FAMILY = "1,2";
				USER_HEADER_SEARCH_PATHS = "../**";
				WRAPPER_EXTENSION = app;
			};
			name = Release;
		};
/* End XCBuildConfiguration section */

/* Begin XCConfigurationList section */
		4C6F978714AF734800F8389A /* Build configuration list for PBXProject "PhotoBrowserDemo" */ = {
			isa = XCConfigurationList;
			buildConfigurations = (
				4C6F97AC14AF734900F8389A /* Debug */,
				4C6F97AD14AF734900F8389A /* Release */,
			);
			defaultConfigurationIsVisible = 0;
			defaultConfigurationName = Release;
		};
		4C6F97AE14AF734900F8389A /* Build configuration list for PBXNativeTarget "PhotoBrowserDemo" */ = {
			isa = XCConfigurationList;
			buildConfigurations = (
				4C6F97AF14AF734900F8389A /* Debug */,
				4C6F97B014AF734900F8389A /* Release */,
			);
			defaultConfigurationIsVisible = 0;
			defaultConfigurationName = Release;
		};
/* End XCConfigurationList section */
	};
	rootObject = 4C6F978414AF734800F8389A /* Project object */;
}
